
Microsoft Visual Studio Solution File, Format Version 12.00
# Visual Studio 15
VisualStudioVersion = 15.0.28307.438
MinimumVisualStudioVersion = 10.0.40219.1
Project("{FAE04EC0-301F-11D3-BF4B-00C04F79EFBC}") = "WebPageAutomator", "WebPageAutomator\WebPageAutomator.csproj", "{DB2F0EF3-2537-4B6C-B4FD-BCF15B675721}"
EndProject
Global
	GlobalSection(SolutionConfigurationPlatforms) = preSolution
		Debug|Any CPU = Debug|Any CPU
		Release|Any CPU = Release|Any CPU
	EndGlobalSection
	GlobalSection(ProjectConfigurationPlatforms) = postSolution
		{DB2F0EF3-2537-4B6C-B4FD-BCF15B675721}.Debug|Any CPU.ActiveCfg = Debug|Any CPU
		{DB2F0EF3-2537-4B6C-B4FD-BCF15B675721}.Debug|Any CPU.Build.0 = Debug|Any CPU
		{DB2F0EF3-2537-4B6C-B4FD-BCF15B675721}.Release|Any CPU.ActiveCfg = Release|Any CPU
		{DB2F0EF3-2537-4B6C-B4FD-BCF15B675721}.Release|Any CPU.Build.0 = Release|Any CPU
	EndGlobalSection
	GlobalSection(SolutionProperties) = preSolution
		HideSolutionNode = FALSE
	EndGlobalSection
	GlobalSection(ExtensibilityGlobals) = postSolution
		SolutionGuid = {824BCD6C-7C71-4F2B-AA19-845B2C2E687C}
	EndGlobalSection
EndGlobal
